
Microsoft Visual Studio Solution File, Format Version 12.00
# Visual Studio Version 16
VisualStudioVersion = 16.0.32126.315
MinimumVisualStudioVersion = 10.0.40219.1
Project("{2150E333-8FDC-42A3-9474-1A3956D46DE8}") = "Tests", "Tests", "{CCFBF775-056A-4FA8-94F1-164A674EFE36}"
EndProject
Project("{9A19103F-16F7-4668-BE54-9A1E7A4F7556}") = "BearWare.Modules.NRefelect.Tests", "Tests\BearWare.Modules.ModuleName.Tests\BearWare.Modules.NRefelect.Tests.csproj", "{9DEE8EB4-73A4-48AD-B17A-FB32BBE0C648}"
EndProject
Project("{2150E333-8FDC-42A3-9474-1A3956D46DE8}") = "Modules", "Modules", "{3B6D92C9-E0F0-4AD6-AEB0-BB23786CF17A}"
EndProject
Project("{2150E333-8FDC-42A3-9474-1A3956D46DE8}") = "Services", "Services", "{E2808645-FD8B-4A34-9773-B41FB73B0457}"
EndProject
Project("{9A19103F-16F7-4668-BE54-9A1E7A4F7556}") = "BearWare.Services", "Services\BearWare.Services\BearWare.Services.csproj", "{1B3CB3D2-4BB7-456A-A3C0-CA53AF6413B6}"
EndProject
Project("{9A19103F-16F7-4668-BE54-9A1E7A4F7556}") = "BearWare.Services.Interfaces", "Services\BearWare.Services.Interfaces\BearWare.Services.Interfaces.csproj", "{FED4A135-30AD-4952-BC3D-2B9D13602F59}"
EndProject
Project("{9A19103F-16F7-4668-BE54-9A1E7A4F7556}") = "BearWare.Core", "BearWare.Core\BearWare.Core.csproj", "{65B50C6B-0CA7-4590-9271-48823BFABE60}"
EndProject
Project("{9A19103F-16F7-4668-BE54-9A1E7A4F7556}") = "BearWare.Nreflect.Module", "Modules\BearWare.Nreflect\BearWare.Nreflect.Module.csproj", "{5CF9AEAE-3F6D-4736-BAA2-06B9207C8DA1}"
EndProject
Project("{9A19103F-16F7-4668-BE54-9A1E7A4F7556}") = "BearWare.SpreadSheet.Module", "Modules\BearWare.SpreadSheet\BearWare.SpreadSheet.Module.csproj", "{5FECB674-E1DB-4B62-9EA3-73E56E47CE7A}"
EndProject
Project("{9A19103F-16F7-4668-BE54-9A1E7A4F7556}") = "BearWare.MSProject.Module", "Modules\BearWare.MSProject\BearWare.MSProject.Module.csproj", "{3B4195E8-5890-47A0-B79E-2B6070109638}"
EndProject
Project("{9A19103F-16F7-4668-BE54-9A1E7A4F7556}") = "BearWare.SQL.Module", "Modules\BearWare.SQL\BearWare.SQL.Module.csproj", "{CDD91BF2-CA32-42D9-94B1-86EEE08E23D8}"
EndProject
Project("{9A19103F-16F7-4668-BE54-9A1E7A4F7556}") = "BearWare.ClassDiagram.Module", "Modules\BearWare.ClassDiagram\BearWare.ClassDiagram.Module.csproj", "{1EF85BE0-58D6-4E08-8F99-3BAB957094C3}"
EndProject
Project("{9A19103F-16F7-4668-BE54-9A1E7A4F7556}") = "BearWare.Kanban.Module", "Modules\BearWare.Kanban\BearWare.Kanban.Module.csproj", "{2F7E5A36-377B-4EB2-A50A-E96F1A2EBEF4}"
EndProject
Project("{9A19103F-16F7-4668-BE54-9A1E7A4F7556}") = "BearWare.Scheduling.Module", "Modules\BearWare.Scheduling\BearWare.Scheduling.Module.csproj", "{A683A3C2-8B80-4E40-904D-4FCCE9AC3E9B}"
EndProject
Project("{9A19103F-16F7-4668-BE54-9A1E7A4F7556}") = "BearWare.ImageEditor.Module", "Modules\BearWare.ImageEditor\BearWare.ImageEditor.Module.csproj", "{5CA72212-F735-4677-8E15-A221BEA8B0C0}"
EndProject
Project("{9A19103F-16F7-4668-BE54-9A1E7A4F7556}") = "BearWare.Journal.Module", "Modules\BearWare.Journal\BearWare.Journal.Module.csproj", "{163C0250-ECAE-491B-AF55-3743A91BA279}"
EndProject
Project("{9A19103F-16F7-4668-BE54-9A1E7A4F7556}") = "BearWare.PDF.Module", "Modules\BearWare.PDF\BearWare.PDF.Module.csproj", "{436D076F-75B7-4D3F-82C4-B335697D1D3A}"
EndProject
Project("{9A19103F-16F7-4668-BE54-9A1E7A4F7556}") = "BearWare.MainMenuBar.Module", "Modules\BearWare.MainMenuBar\BearWare.MainMenuBar.Module.csproj", "{F2F82D5F-A661-4F41-ACF6-2599E6BCAFFF}"
EndProject
Project("{2150E333-8FDC-42A3-9474-1A3956D46DE8}") = "Shell", "Shell", "{C1340B22-B248-4951-8958-C87F797AAA3F}"
EndProject
Project("{9A19103F-16F7-4668-BE54-9A1E7A4F7556}") = "Shell", "Shell\Shell.csproj", "{216BEAE3-A6B0-47A3-8CDE-BAFF2FBDFDFF}"
EndProject
Project("{9A19103F-16F7-4668-BE54-9A1E7A4F7556}") = "BearWare.MSWord.Module", "Modules\BearWare.MSWord\BearWare.MSWord.Module.csproj", "{C6754E47-5FA2-423C-BF97-34E19247FFFE}"
EndProject
Global
	GlobalSection(SolutionConfigurationPlatforms) = preSolution
		Debug|Any CPU = Debug|Any CPU
		Release|Any CPU = Release|Any CPU
	EndGlobalSection
	GlobalSection(ProjectConfigurationPlatforms) = postSolution
		{9DEE8EB4-73A4-48AD-B17A-FB32BBE0C648}.Debug|Any CPU.ActiveCfg = Debug|Any CPU
		{9DEE8EB4-73A4-48AD-B17A-FB32BBE0C648}.Debug|Any CPU.Build.0 = Debug|Any CPU
		{9DEE8EB4-73A4-48AD-B17A-FB32BBE0C648}.Release|Any CPU.ActiveCfg = Release|Any CPU
		{9DEE8EB4-73A4-48AD-B17A-FB32BBE0C648}.Release|Any CPU.Build.0 = Release|Any CPU
		{1B3CB3D2-4BB7-456A-A3C0-CA53AF6413B6}.Debug|Any CPU.ActiveCfg = Debug|Any CPU
		{1B3CB3D2-4BB7-456A-A3C0-CA53AF6413B6}.Debug|Any CPU.Build.0 = Debug|Any CPU
		{1B3CB3D2-4BB7-456A-A3C0-CA53AF6413B6}.Release|Any CPU.ActiveCfg = Release|Any CPU
		{1B3CB3D2-4BB7-456A-A3C0-CA53AF6413B6}.Release|Any CPU.Build.0 = Release|Any CPU
		{FED4A135-30AD-4952-BC3D-2B9D13602F59}.Debug|Any CPU.ActiveCfg = Debug|Any CPU
		{FED4A135-30AD-4952-BC3D-2B9D13602F59}.Debug|Any CPU.Build.0 = Debug|Any CPU
		{FED4A135-30AD-4952-BC3D-2B9D13602F59}.Release|Any CPU.ActiveCfg = Release|Any CPU
		{FED4A135-30AD-4952-BC3D-2B9D13602F59}.Release|Any CPU.Build.0 = Release|Any CPU
		{65B50C6B-0CA7-4590-9271-48823BFABE60}.Debug|Any CPU.ActiveCfg = Debug|Any CPU
		{65B50C6B-0CA7-4590-9271-48823BFABE60}.Debug|Any CPU.Build.0 = Debug|Any CPU
		{65B50C6B-0CA7-4590-9271-48823BFABE60}.Release|Any CPU.ActiveCfg = Release|Any CPU
		{65B50C6B-0CA7-4590-9271-48823BFABE60}.Release|Any CPU.Build.0 = Release|Any CPU
		{5CF9AEAE-3F6D-4736-BAA2-06B9207C8DA1}.Debug|Any CPU.ActiveCfg = Debug|Any CPU
		{5CF9AEAE-3F6D-4736-BAA2-06B9207C8DA1}.Debug|Any CPU.Build.0 = Debug|Any CPU
		{5CF9AEAE-3F6D-4736-BAA2-06B9207C8DA1}.Release|Any CPU.ActiveCfg = Release|Any CPU
		{5CF9AEAE-3F6D-4736-BAA2-06B9207C8DA1}.Release|Any CPU.Build.0 = Release|Any CPU
		{5FECB674-E1DB-4B62-9EA3-73E56E47CE7A}.Debug|Any CPU.ActiveCfg = Debug|Any CPU
		{5FECB674-E1DB-4B62-9EA3-73E56E47CE7A}.Debug|Any CPU.Build.0 = Debug|Any CPU
		{5FECB674-E1DB-4B62-9EA3-73E56E47CE7A}.Release|Any CPU.ActiveCfg = Release|Any CPU
		{5FECB674-E1DB-4B62-9EA3-73E56E47CE7A}.Release|Any CPU.Build.0 = Release|Any CPU
		{3B4195E8-5890-47A0-B79E-2B6070109638}.Debug|Any CPU.ActiveCfg = Debug|Any CPU
		{3B4195E8-5890-47A0-B79E-2B6070109638}.Debug|Any CPU.Build.0 = Debug|Any CPU
		{3B4195E8-5890-47A0-B79E-2B6070109638}.Release|Any CPU.ActiveCfg = Release|Any CPU
		{3B4195E8-5890-47A0-B79E-2B6070109638}.Release|Any CPU.Build.0 = Release|Any CPU
		{CDD91BF2-CA32-42D9-94B1-86EEE08E23D8}.Debug|Any CPU.ActiveCfg = Debug|Any CPU
		{CDD91BF2-CA32-42D9-94B1-86EEE08E23D8}.Debug|Any CPU.Build.0 = Debug|Any CPU
		{CDD91BF2-CA32-42D9-94B1-86EEE08E23D8}.Release|Any CPU.ActiveCfg = Release|Any CPU
		{CDD91BF2-CA32-42D9-94B1-86EEE08E23D8}.Release|Any CPU.Build.0 = Release|Any CPU
		{1EF85BE0-58D6-4E08-8F99-3BAB957094C3}.Debug|Any CPU.ActiveCfg = Debug|Any CPU
		{1EF85BE0-58D6-4E08-8F99-3BAB957094C3}.Debug|Any CPU.Build.0 = Debug|Any CPU
		{1EF85BE0-58D6-4E08-8F99-3BAB957094C3}.Release|Any CPU.ActiveCfg = Release|Any CPU
		{1EF85BE0-58D6-4E08-8F99-3BAB957094C3}.Release|Any CPU.Build.0 = Release|Any CPU
		{2F7E5A36-377B-4EB2-A50A-E96F1A2EBEF4}.Debug|Any CPU.ActiveCfg = Debug|Any CPU
		{2F7E5A36-377B-4EB2-A50A-E96F1A2EBEF4}.Debug|Any CPU.Build.0 = Debug|Any CPU
		{2F7E5A36-377B-4EB2-A50A-E96F1A2EBEF4}.Release|Any CPU.ActiveCfg = Release|Any CPU
		{2F7E5A36-377B-4EB2-A50A-E96F1A2EBEF4}.Release|Any CPU.Build.0 = Release|Any CPU
		{A683A3C2-8B80-4E40-904D-4FCCE9AC3E9B}.Debug|Any CPU.ActiveCfg = Debug|Any CPU
		{A683A3C2-8B80-4E40-904D-4FCCE9AC3E9B}.Debug|Any CPU.Build.0 = Debug|Any CPU
		{A683A3C2-8B80-4E40-904D-4FCCE9AC3E9B}.Release|Any CPU.ActiveCfg = Release|Any CPU
		{A683A3C2-8B80-4E40-904D-4FCCE9AC3E9B}.Release|Any CPU.Build.0 = Release|Any CPU
		{5CA72212-F735-4677-8E15-A221BEA8B0C0}.Debug|Any CPU.ActiveCfg = Debug|Any CPU
		{5CA72212-F735-4677-8E15-A221BEA8B0C0}.Debug|Any CPU.Build.0 = Debug|Any CPU
		{5CA72212-F735-4677-8E15-A221BEA8B0C0}.Release|Any CPU.ActiveCfg = Release|Any CPU
		{5CA72212-F735-4677-8E15-A221BEA8B0C0}.Release|Any CPU.Build.0 = Release|Any CPU
		{163C0250-ECAE-491B-AF55-3743A91BA279}.Debug|Any CPU.ActiveCfg = Debug|Any CPU
		{163C0250-ECAE-491B-AF55-3743A91BA279}.Debug|Any CPU.Build.0 = Debug|Any CPU
		{163C0250-ECAE-491B-AF55-3743A91BA279}.Release|Any CPU.ActiveCfg = Release|Any CPU
		{163C0250-ECAE-491B-AF55-3743A91BA279}.Release|Any CPU.Build.0 = Release|Any CPU
		{436D076F-75B7-4D3F-82C4-B335697D1D3A}.Debug|Any CPU.ActiveCfg = Debug|Any CPU
		{436D076F-75B7-4D3F-82C4-B335697D1D3A}.Debug|Any CPU.Build.0 = Debug|Any CPU
		{436D076F-75B7-4D3F-82C4-B335697D1D3A}.Release|Any CPU.ActiveCfg = Release|Any CPU
		{436D076F-75B7-4D3F-82C4-B335697D1D3A}.Release|Any CPU.Build.0 = Release|Any CPU
		{F2F82D5F-A661-4F41-ACF6-2599E6BCAFFF}.Debug|Any CPU.ActiveCfg = Debug|Any CPU
		{F2F82D5F-A661-4F41-ACF6-2599E6BCAFFF}.Debug|Any CPU.Build.0 = Debug|Any CPU
		{F2F82D5F-A661-4F41-ACF6-2599E6BCAFFF}.Release|Any CPU.ActiveCfg = Release|Any CPU
		{F2F82D5F-A661-4F41-ACF6-2599E6BCAFFF}.Release|Any CPU.Build.0 = Release|Any CPU
		{216BEAE3-A6B0-47A3-8CDE-BAFF2FBDFDFF}.Debug|Any CPU.ActiveCfg = Debug|Any CPU
		{216BEAE3-A6B0-47A3-8CDE-BAFF2FBDFDFF}.Debug|Any CPU.Build.0 = Debug|Any CPU
		{216BEAE3-A6B0-47A3-8CDE-BAFF2FBDFDFF}.Release|Any CPU.ActiveCfg = Release|Any CPU
		{216BEAE3-A6B0-47A3-8CDE-BAFF2FBDFDFF}.Release|Any CPU.Build.0 = Release|Any CPU
		{C6754E47-5FA2-423C-BF97-34E19247FFFE}.Debug|Any CPU.ActiveCfg = Debug|Any CPU
		{C6754E47-5FA2-423C-BF97-34E19247FFFE}.Debug|Any CPU.Build.0 = Debug|Any CPU
		{C6754E47-5FA2-423C-BF97-34E19247FFFE}.Release|Any CPU.ActiveCfg = Release|Any CPU
		{C6754E47-5FA2-423C-BF97-34E19247FFFE}.Release|Any CPU.Build.0 = Release|Any CPU
	EndGlobalSection
	GlobalSection(SolutionProperties) = preSolution
		HideSolutionNode = FALSE
	EndGlobalSection
	GlobalSection(NestedProjects) = preSolution
		{9DEE8EB4-73A4-48AD-B17A-FB32BBE0C648} = {CCFBF775-056A-4FA8-94F1-164A674EFE36}
		{1B3CB3D2-4BB7-456A-A3C0-CA53AF6413B6} = {E2808645-FD8B-4A34-9773-B41FB73B0457}
		{FED4A135-30AD-4952-BC3D-2B9D13602F59} = {E2808645-FD8B-4A34-9773-B41FB73B0457}
		{5CF9AEAE-3F6D-4736-BAA2-06B9207C8DA1} = {3B6D92C9-E0F0-4AD6-AEB0-BB23786CF17A}
		{5FECB674-E1DB-4B62-9EA3-73E56E47CE7A} = {3B6D92C9-E0F0-4AD6-AEB0-BB23786CF17A}
		{3B4195E8-5890-47A0-B79E-2B6070109638} = {3B6D92C9-E0F0-4AD6-AEB0-BB23786CF17A}
		{CDD91BF2-CA32-42D9-94B1-86EEE08E23D8} = {3B6D92C9-E0F0-4AD6-AEB0-BB23786CF17A}
		{1EF85BE0-58D6-4E08-8F99-3BAB957094C3} = {3B6D92C9-E0F0-4AD6-AEB0-BB23786CF17A}
		{2F7E5A36-377B-4EB2-A50A-E96F1A2EBEF4} = {3B6D92C9-E0F0-4AD6-AEB0-BB23786CF17A}
		{A683A3C2-8B80-4E40-904D-4FCCE9AC3E9B} = {3B6D92C9-E0F0-4AD6-AEB0-BB23786CF17A}
		{5CA72212-F735-4677-8E15-A221BEA8B0C0} = {3B6D92C9-E0F0-4AD6-AEB0-BB23786CF17A}
		{163C0250-ECAE-491B-AF55-3743A91BA279} = {3B6D92C9-E0F0-4AD6-AEB0-BB23786CF17A}
		{436D076F-75B7-4D3F-82C4-B335697D1D3A} = {3B6D92C9-E0F0-4AD6-AEB0-BB23786CF17A}
		{F2F82D5F-A661-4F41-ACF6-2599E6BCAFFF} = {3B6D92C9-E0F0-4AD6-AEB0-BB23786CF17A}
		{216BEAE3-A6B0-47A3-8CDE-BAFF2FBDFDFF} = {C1340B22-B248-4951-8958-C87F797AAA3F}
		{C6754E47-5FA2-423C-BF97-34E19247FFFE} = {3B6D92C9-E0F0-4AD6-AEB0-BB23786CF17A}
	EndGlobalSection
	GlobalSection(ExtensibilityGlobals) = postSolution
		SolutionGuid = {082B1A48-5066-460F-9402-768775C95256}
	EndGlobalSection
EndGlobal
